
Microsoft Visual Studio Solution File, Format Version 12.00
# Visual Studio Version 17
VisualStudioVersion = 17.0.31903.59
MinimumVisualStudioVersion = 10.0.40219.1
Project("{FAE04EC0-301F-11D3-BF4B-00C04F79EFBC}") = "JJx.Core", "JJx.Core\JJx.Core.csproj", "{DCFDE09E-D07F-4E85-B1DE-8AAB4838E5F5}"
EndProject
Project("{FAE04EC0-301F-11D3-BF4B-00C04F79EFBC}") = "JJx.Core.Tests", "JJx.Core.Tests\JJx.Core.Tests.csproj", "{0AAAF6B2-BDCF-49EA-B6BF-49FF331C9A10}"
EndProject
Project("{FAE04EC0-301F-11D3-BF4B-00C04F79EFBC}") = "JJx.Editor", "JJx.Editor\JJx.Editor.csproj", "{BE812452-AA19-4EA9-BBEE-6A1C4E21424F}"
EndProject
Project("{FAE04EC0-301F-11D3-BF4B-00C04F79EFBC}") = "JJx.Protocol", "JJx.Protocol\JJx.Protocol.csproj", "{3A445C7B-E798-4C37-B9A7-E69E27AD2CF7}"
EndProject
Project("{FAE04EC0-301F-11D3-BF4B-00C04F79EFBC}") = "JJx.Protocol.Tests", "JJx.Protocol.Tests\JJx.Protocol.Tests.csproj", "{37D82635-0EC8-4975-9FA8-398E4D929E7D}"
EndProject
Project("{FAE04EC0-301F-11D3-BF4B-00C04F79EFBC}") = "JJx.Server", "JJx.Server\JJx.Server.csproj", "{339CB13D-FCFF-45D6-8FF6-F4876B89AA3F}"
EndProject
Global
	GlobalSection(SolutionConfigurationPlatforms) = preSolution
		Debug|Any CPU = Debug|Any CPU
		Release|Any CPU = Release|Any CPU
	EndGlobalSection
	GlobalSection(SolutionProperties) = preSolution
		HideSolutionNode = FALSE
	EndGlobalSection
	GlobalSection(ProjectConfigurationPlatforms) = postSolution
		{DCFDE09E-D07F-4E85-B1DE-8AAB4838E5F5}.Debug|Any CPU.ActiveCfg = Debug|Any CPU
		{DCFDE09E-D07F-4E85-B1DE-8AAB4838E5F5}.Debug|Any CPU.Build.0 = Debug|Any CPU
		{DCFDE09E-D07F-4E85-B1DE-8AAB4838E5F5}.Release|Any CPU.ActiveCfg = Release|Any CPU
		{DCFDE09E-D07F-4E85-B1DE-8AAB4838E5F5}.Release|Any CPU.Build.0 = Release|Any CPU
		{0AAAF6B2-BDCF-49EA-B6BF-49FF331C9A10}.Debug|Any CPU.ActiveCfg = Debug|Any CPU
		{0AAAF6B2-BDCF-49EA-B6BF-49FF331C9A10}.Debug|Any CPU.Build.0 = Debug|Any CPU
		{0AAAF6B2-BDCF-49EA-B6BF-49FF331C9A10}.Release|Any CPU.ActiveCfg = Release|Any CPU
		{0AAAF6B2-BDCF-49EA-B6BF-49FF331C9A10}.Release|Any CPU.Build.0 = Release|Any CPU
		{BE812452-AA19-4EA9-BBEE-6A1C4E21424F}.Debug|Any CPU.ActiveCfg = Debug|Any CPU
		{BE812452-AA19-4EA9-BBEE-6A1C4E21424F}.Debug|Any CPU.Build.0 = Debug|Any CPU
		{BE812452-AA19-4EA9-BBEE-6A1C4E21424F}.Release|Any CPU.ActiveCfg = Release|Any CPU
		{BE812452-AA19-4EA9-BBEE-6A1C4E21424F}.Release|Any CPU.Build.0 = Release|Any CPU
		{3A445C7B-E798-4C37-B9A7-E69E27AD2CF7}.Debug|Any CPU.ActiveCfg = Debug|Any CPU
		{3A445C7B-E798-4C37-B9A7-E69E27AD2CF7}.Debug|Any CPU.Build.0 = Debug|Any CPU
		{3A445C7B-E798-4C37-B9A7-E69E27AD2CF7}.Release|Any CPU.ActiveCfg = Release|Any CPU
		{3A445C7B-E798-4C37-B9A7-E69E27AD2CF7}.Release|Any CPU.Build.0 = Release|Any CPU
		{37D82635-0EC8-4975-9FA8-398E4D929E7D}.Debug|Any CPU.ActiveCfg = Debug|Any CPU
		{37D82635-0EC8-4975-9FA8-398E4D929E7D}.Debug|Any CPU.Build.0 = Debug|Any CPU
		{37D82635-0EC8-4975-9FA8-398E4D929E7D}.Release|Any CPU.ActiveCfg = Release|Any CPU
		{37D82635-0EC8-4975-9FA8-398E4D929E7D}.Release|Any CPU.Build.0 = Release|Any CPU
		{339CB13D-FCFF-45D6-8FF6-F4876B89AA3F}.Debug|Any CPU.ActiveCfg = Debug|Any CPU
		{339CB13D-FCFF-45D6-8FF6-F4876B89AA3F}.Debug|Any CPU.Build.0 = Debug|Any CPU
		{339CB13D-FCFF-45D6-8FF6-F4876B89AA3F}.Release|Any CPU.ActiveCfg = Release|Any CPU
		{339CB13D-FCFF-45D6-8FF6-F4876B89AA3F}.Release|Any CPU.Build.0 = Release|Any CPU
	EndGlobalSection
EndGlobal
